
Microsoft Visual Studio Solution File, Format Version 12.00
# Visual Studio Version 16
VisualStudioVersion = 16.0.31911.196
MinimumVisualStudioVersion = 10.0.40219.1
Project("{9A19103F-16F7-4668-BE54-9A1E7A4F7556}") = "uri_1000", "uri_1000\uri_1000.csproj", "{6F34D718-0FE9-4864-8C37-3E358CDCD3DE}"
EndProject
Project("{9A19103F-16F7-4668-BE54-9A1E7A4F7556}") = "uri_1001", "uri_1001\uri_1001.csproj", "{BF412F5F-F24A-4309-9063-2F4E0AF2DA53}"
EndProject
Project("{9A19103F-16F7-4668-BE54-9A1E7A4F7556}") = "uri_1002", "uri_1002\uri_1002.csproj", "{920589B3-00C9-457B-9AC0-AEEBA43200D0}"
EndProject
Project("{9A19103F-16F7-4668-BE54-9A1E7A4F7556}") = "uri_1003", "uri_1003\uri_1003.csproj", "{4765188E-0AE5-4183-A909-C6AF2EDC2313}"
EndProject
Project("{9A19103F-16F7-4668-BE54-9A1E7A4F7556}") = "uri_1004", "uri_1004\uri_1004.csproj", "{48FAA624-5F40-4F76-8807-C42F988FB18C}"
EndProject
Project("{9A19103F-16F7-4668-BE54-9A1E7A4F7556}") = "uri_1006", "uri_1006\uri_1006.csproj", "{F7EFCF12-9E62-401F-891C-271642916766}"
EndProject
Project("{9A19103F-16F7-4668-BE54-9A1E7A4F7556}") = "uri_1007", "uri_1007\uri_1007.csproj", "{1FCCA1BE-3E05-4F1D-8866-C796E20DF61B}"
EndProject
Project("{9A19103F-16F7-4668-BE54-9A1E7A4F7556}") = "uri_1005", "uri_1005\uri_1005.csproj", "{8A4EA0ED-AAD7-4B5D-ABB9-E7E1FFB3C2B7}"
EndProject
Project("{9A19103F-16F7-4668-BE54-9A1E7A4F7556}") = "uri_1008", "uri_1008\uri_1008.csproj", "{4F931840-B78E-46D1-8908-E792B1EE97BF}"
EndProject
Project("{9A19103F-16F7-4668-BE54-9A1E7A4F7556}") = "uri_1009", "uri_1009\uri_1009.csproj", "{8DAD10E6-E56C-42F0-B52D-5361E8D83BC4}"
EndProject
Project("{9A19103F-16F7-4668-BE54-9A1E7A4F7556}") = "uri_1010", "uri_1010\uri_1010.csproj", "{B9340825-1FEA-49B8-88A5-68D69D726D25}"
EndProject
Project("{9A19103F-16F7-4668-BE54-9A1E7A4F7556}") = "uri_1011", "uri_1011\uri_1011.csproj", "{4520284F-B88A-4DE7-9877-D28BBFAE5AFC}"
EndProject
Project("{9A19103F-16F7-4668-BE54-9A1E7A4F7556}") = "uri_1012", "uri_1012\uri_1012.csproj", "{FC0D85BA-BD3B-470F-88EE-8070BF1A7C5D}"
EndProject
Project("{9A19103F-16F7-4668-BE54-9A1E7A4F7556}") = "uri_1013", "uri_2013\uri_1013.csproj", "{B02375EA-96BC-47D2-9DB4-21C029464EF4}"
EndProject
Project("{9A19103F-16F7-4668-BE54-9A1E7A4F7556}") = "uri_1018", "uri_1018\uri_1018.csproj", "{E612A4DC-CADC-42A1-8FC6-FBE1438D2CBF}"
EndProject
Project("{9A19103F-16F7-4668-BE54-9A1E7A4F7556}") = "uri_1014", "uri_1014\uri_1014.csproj", "{70DD6A59-FA0A-42CC-BD18-D675E483E6A4}"
EndProject
Project("{9A19103F-16F7-4668-BE54-9A1E7A4F7556}") = "uri_1015", "uri_1015\uri_1015.csproj", "{F1D687A8-1183-4A8F-AC91-4B4FF55ADEBC}"
EndProject
Project("{9A19103F-16F7-4668-BE54-9A1E7A4F7556}") = "uri_1016", "uri_1016\uri_1016.csproj", "{7D0FBAD4-AE00-47C6-A8ED-DBF9AFB046DD}"
EndProject
Project("{9A19103F-16F7-4668-BE54-9A1E7A4F7556}") = "uri_1017", "uri_1017\uri_1017.csproj", "{493AF45F-1B29-4BED-B151-2CBF02B5F5CE}"
EndProject
Project("{9A19103F-16F7-4668-BE54-9A1E7A4F7556}") = "uri_1019", "uri_1019\uri_1019.csproj", "{BFC5DEFE-7ECE-4FF3-9B7D-3574C9C72648}"
EndProject
Project("{9A19103F-16F7-4668-BE54-9A1E7A4F7556}") = "uri_1020", "uri_1020\uri_1020.csproj", "{EDFD7515-7613-4071-B862-9AE1396A6AED}"
EndProject
Project("{9A19103F-16F7-4668-BE54-9A1E7A4F7556}") = "uri_1021", "uri_1021\uri_1021.csproj", "{1DE8EC4F-F92F-4D1A-8A30-15A68B520D80}"
EndProject
Project("{9A19103F-16F7-4668-BE54-9A1E7A4F7556}") = "uri_1035", "uri_1022\uri_1035.csproj", "{961660A0-AE64-4452-B840-2985094B2E53}"
EndProject
Project("{9A19103F-16F7-4668-BE54-9A1E7A4F7556}") = "uri_1036", "uri_1036\uri_1036.csproj", "{53771AB4-4B32-4756-BDE8-A1F22BF24D58}"
EndProject
Project("{9A19103F-16F7-4668-BE54-9A1E7A4F7556}") = "uri_1037", "uri_1037\uri_1037.csproj", "{1EB0DFB6-448C-42F5-A230-04F65147526A}"
EndProject
Project("{9A19103F-16F7-4668-BE54-9A1E7A4F7556}") = "uri_1040", "uri_1040\uri_1040.csproj", "{48711964-557B-47FF-8ED0-FE9C9B6070E6}"
EndProject
Project("{FAE04EC0-301F-11D3-BF4B-00C04F79EFBC}") = "uri_1042", "uri_1042\uri_1042.csproj", "{5BE69703-B22F-48CA-954E-43DE1F88D8DF}"
EndProject
Global
	GlobalSection(SolutionConfigurationPlatforms) = preSolution
		Debug|Any CPU = Debug|Any CPU
		Release|Any CPU = Release|Any CPU
	EndGlobalSection
	GlobalSection(ProjectConfigurationPlatforms) = postSolution
		{6F34D718-0FE9-4864-8C37-3E358CDCD3DE}.Debug|Any CPU.ActiveCfg = Debug|Any CPU
		{6F34D718-0FE9-4864-8C37-3E358CDCD3DE}.Debug|Any CPU.Build.0 = Debug|Any CPU
		{6F34D718-0FE9-4864-8C37-3E358CDCD3DE}.Release|Any CPU.ActiveCfg = Release|Any CPU
		{6F34D718-0FE9-4864-8C37-3E358CDCD3DE}.Release|Any CPU.Build.0 = Release|Any CPU
		{BF412F5F-F24A-4309-9063-2F4E0AF2DA53}.Debug|Any CPU.ActiveCfg = Debug|Any CPU
		{BF412F5F-F24A-4309-9063-2F4E0AF2DA53}.Debug|Any CPU.Build.0 = Debug|Any CPU
		{BF412F5F-F24A-4309-9063-2F4E0AF2DA53}.Release|Any CPU.ActiveCfg = Release|Any CPU
		{BF412F5F-F24A-4309-9063-2F4E0AF2DA53}.Release|Any CPU.Build.0 = Release|Any CPU
		{920589B3-00C9-457B-9AC0-AEEBA43200D0}.Debug|Any CPU.ActiveCfg = Debug|Any CPU
		{920589B3-00C9-457B-9AC0-AEEBA43200D0}.Debug|Any CPU.Build.0 = Debug|Any CPU
		{920589B3-00C9-457B-9AC0-AEEBA43200D0}.Release|Any CPU.ActiveCfg = Release|Any CPU
		{920589B3-00C9-457B-9AC0-AEEBA43200D0}.Release|Any CPU.Build.0 = Release|Any CPU
		{4765188E-0AE5-4183-A909-C6AF2EDC2313}.Debug|Any CPU.ActiveCfg = Debug|Any CPU
		{4765188E-0AE5-4183-A909-C6AF2EDC2313}.Debug|Any CPU.Build.0 = Debug|Any CPU
		{4765188E-0AE5-4183-A909-C6AF2EDC2313}.Release|Any CPU.ActiveCfg = Release|Any CPU
		{4765188E-0AE5-4183-A909-C6AF2EDC2313}.Release|Any CPU.Build.0 = Release|Any CPU
		{48FAA624-5F40-4F76-8807-C42F988FB18C}.Debug|Any CPU.ActiveCfg = Debug|Any CPU
		{48FAA624-5F40-4F76-8807-C42F988FB18C}.Debug|Any CPU.Build.0 = Debug|Any CPU
		{48FAA624-5F40-4F76-8807-C42F988FB18C}.Release|Any CPU.ActiveCfg = Release|Any CPU
		{48FAA624-5F40-4F76-8807-C42F988FB18C}.Release|Any CPU.Build.0 = Release|Any CPU
		{F7EFCF12-9E62-401F-891C-271642916766}.Debug|Any CPU.ActiveCfg = Debug|Any CPU
		{F7EFCF12-9E62-401F-891C-271642916766}.Debug|Any CPU.Build.0 = Debug|Any CPU
		{F7EFCF12-9E62-401F-891C-271642916766}.Release|Any CPU.ActiveCfg = Release|Any CPU
		{F7EFCF12-9E62-401F-891C-271642916766}.Release|Any CPU.Build.0 = Release|Any CPU
		{1FCCA1BE-3E05-4F1D-8866-C796E20DF61B}.Debug|Any CPU.ActiveCfg = Debug|Any CPU
		{1FCCA1BE-3E05-4F1D-8866-C796E20DF61B}.Debug|Any CPU.Build.0 = Debug|Any CPU
		{1FCCA1BE-3E05-4F1D-8866-C796E20DF61B}.Release|Any CPU.ActiveCfg = Release|Any CPU
		{1FCCA1BE-3E05-4F1D-8866-C796E20DF61B}.Release|Any CPU.Build.0 = Release|Any CPU
		{8A4EA0ED-AAD7-4B5D-ABB9-E7E1FFB3C2B7}.Debug|Any CPU.ActiveCfg = Debug|Any CPU
		{8A4EA0ED-AAD7-4B5D-ABB9-E7E1FFB3C2B7}.Debug|Any CPU.Build.0 = Debug|Any CPU
		{8A4EA0ED-AAD7-4B5D-ABB9-E7E1FFB3C2B7}.Release|Any CPU.ActiveCfg = Release|Any CPU
		{8A4EA0ED-AAD7-4B5D-ABB9-E7E1FFB3C2B7}.Release|Any CPU.Build.0 = Release|Any CPU
		{4F931840-B78E-46D1-8908-E792B1EE97BF}.Debug|Any CPU.ActiveCfg = Debug|Any CPU
		{4F931840-B78E-46D1-8908-E792B1EE97BF}.Debug|Any CPU.Build.0 = Debug|Any CPU
		{4F931840-B78E-46D1-8908-E792B1EE97BF}.Release|Any CPU.ActiveCfg = Release|Any CPU
		{4F931840-B78E-46D1-8908-E792B1EE97BF}.Release|Any CPU.Build.0 = Release|Any CPU
		{8DAD10E6-E56C-42F0-B52D-5361E8D83BC4}.Debug|Any CPU.ActiveCfg = Debug|Any CPU
		{8DAD10E6-E56C-42F0-B52D-5361E8D83BC4}.Debug|Any CPU.Build.0 = Debug|Any CPU
		{8DAD10E6-E56C-42F0-B52D-5361E8D83BC4}.Release|Any CPU.ActiveCfg = Release|Any CPU
		{8DAD10E6-E56C-42F0-B52D-5361E8D83BC4}.Release|Any CPU.Build.0 = Release|Any CPU
		{B9340825-1FEA-49B8-88A5-68D69D726D25}.Debug|Any CPU.ActiveCfg = Debug|Any CPU
		{B9340825-1FEA-49B8-88A5-68D69D726D25}.Debug|Any CPU.Build.0 = Debug|Any CPU
		{B9340825-1FEA-49B8-88A5-68D69D726D25}.Release|Any CPU.ActiveCfg = Release|Any CPU
		{B9340825-1FEA-49B8-88A5-68D69D726D25}.Release|Any CPU.Build.0 = Release|Any CPU
		{4520284F-B88A-4DE7-9877-D28BBFAE5AFC}.Debug|Any CPU.ActiveCfg = Debug|Any CPU
		{4520284F-B88A-4DE7-9877-D28BBFAE5AFC}.Debug|Any CPU.Build.0 = Debug|Any CPU
		{4520284F-B88A-4DE7-9877-D28BBFAE5AFC}.Release|Any CPU.ActiveCfg = Release|Any CPU
		{4520284F-B88A-4DE7-9877-D28BBFAE5AFC}.Release|Any CPU.Build.0 = Release|Any CPU
		{FC0D85BA-BD3B-470F-88EE-8070BF1A7C5D}.Debug|Any CPU.ActiveCfg = Debug|Any CPU
		{FC0D85BA-BD3B-470F-88EE-8070BF1A7C5D}.Debug|Any CPU.Build.0 = Debug|Any CPU
		{FC0D85BA-BD3B-470F-88EE-8070BF1A7C5D}.Release|Any CPU.ActiveCfg = Release|Any CPU
		{FC0D85BA-BD3B-470F-88EE-8070BF1A7C5D}.Release|Any CPU.Build.0 = Release|Any CPU
		{B02375EA-96BC-47D2-9DB4-21C029464EF4}.Debug|Any CPU.ActiveCfg = Debug|Any CPU
		{B02375EA-96BC-47D2-9DB4-21C029464EF4}.Debug|Any CPU.Build.0 = Debug|Any CPU
		{B02375EA-96BC-47D2-9DB4-21C029464EF4}.Release|Any CPU.ActiveCfg = Release|Any CPU
		{B02375EA-96BC-47D2-9DB4-21C029464EF4}.Release|Any CPU.Build.0 = Release|Any CPU
		{E612A4DC-CADC-42A1-8FC6-FBE1438D2CBF}.Debug|Any CPU.ActiveCfg = Debug|Any CPU
		{E612A4DC-CADC-42A1-8FC6-FBE1438D2CBF}.Debug|Any CPU.Build.0 = Debug|Any CPU
		{E612A4DC-CADC-42A1-8FC6-FBE1438D2CBF}.Release|Any CPU.ActiveCfg = Release|Any CPU
		{E612A4DC-CADC-42A1-8FC6-FBE1438D2CBF}.Release|Any CPU.Build.0 = Release|Any CPU
		{70DD6A59-FA0A-42CC-BD18-D675E483E6A4}.Debug|Any CPU.ActiveCfg = Debug|Any CPU
		{70DD6A59-FA0A-42CC-BD18-D675E483E6A4}.Debug|Any CPU.Build.0 = Debug|Any CPU
		{70DD6A59-FA0A-42CC-BD18-D675E483E6A4}.Release|Any CPU.ActiveCfg = Release|Any CPU
		{70DD6A59-FA0A-42CC-BD18-D675E483E6A4}.Release|Any CPU.Build.0 = Release|Any CPU
		{F1D687A8-1183-4A8F-AC91-4B4FF55ADEBC}.Debug|Any CPU.ActiveCfg = Debug|Any CPU
		{F1D687A8-1183-4A8F-AC91-4B4FF55ADEBC}.Debug|Any CPU.Build.0 = Debug|Any CPU
		{F1D687A8-1183-4A8F-AC91-4B4FF55ADEBC}.Release|Any CPU.ActiveCfg = Release|Any CPU
		{F1D687A8-1183-4A8F-AC91-4B4FF55ADEBC}.Release|Any CPU.Build.0 = Release|Any CPU
		{7D0FBAD4-AE00-47C6-A8ED-DBF9AFB046DD}.Debug|Any CPU.ActiveCfg = Debug|Any CPU
		{7D0FBAD4-AE00-47C6-A8ED-DBF9AFB046DD}.Debug|Any CPU.Build.0 = Debug|Any CPU
		{7D0FBAD4-AE00-47C6-A8ED-DBF9AFB046DD}.Release|Any CPU.ActiveCfg = Release|Any CPU
		{7D0FBAD4-AE00-47C6-A8ED-DBF9AFB046DD}.Release|Any CPU.Build.0 = Release|Any CPU
		{493AF45F-1B29-4BED-B151-2CBF02B5F5CE}.Debug|Any CPU.ActiveCfg = Debug|Any CPU
		{493AF45F-1B29-4BED-B151-2CBF02B5F5CE}.Debug|Any CPU.Build.0 = Debug|Any CPU
		{493AF45F-1B29-4BED-B151-2CBF02B5F5CE}.Release|Any CPU.ActiveCfg = Release|Any CPU
		{493AF45F-1B29-4BED-B151-2CBF02B5F5CE}.Release|Any CPU.Build.0 = Release|Any CPU
		{BFC5DEFE-7ECE-4FF3-9B7D-3574C9C72648}.Debug|Any CPU.ActiveCfg = Debug|Any CPU
		{BFC5DEFE-7ECE-4FF3-9B7D-3574C9C72648}.Debug|Any CPU.Build.0 = Debug|Any CPU
		{BFC5DEFE-7ECE-4FF3-9B7D-3574C9C72648}.Release|Any CPU.ActiveCfg = Release|Any CPU
		{BFC5DEFE-7ECE-4FF3-9B7D-3574C9C72648}.Release|Any CPU.Build.0 = Release|Any CPU
		{EDFD7515-7613-4071-B862-9AE1396A6AED}.Debug|Any CPU.ActiveCfg = Debug|Any CPU
		{EDFD7515-7613-4071-B862-9AE1396A6AED}.Debug|Any CPU.Build.0 = Debug|Any CPU
		{EDFD7515-7613-4071-B862-9AE1396A6AED}.Release|Any CPU.ActiveCfg = Release|Any CPU
		{EDFD7515-7613-4071-B862-9AE1396A6AED}.Release|Any CPU.Build.0 = Release|Any CPU
		{1DE8EC4F-F92F-4D1A-8A30-15A68B520D80}.Debug|Any CPU.ActiveCfg = Debug|Any CPU
		{1DE8EC4F-F92F-4D1A-8A30-15A68B520D80}.Debug|Any CPU.Build.0 = Debug|Any CPU
		{1DE8EC4F-F92F-4D1A-8A30-15A68B520D80}.Release|Any CPU.ActiveCfg = Release|Any CPU
		{1DE8EC4F-F92F-4D1A-8A30-15A68B520D80}.Release|Any CPU.Build.0 = Release|Any CPU
		{961660A0-AE64-4452-B840-2985094B2E53}.Debug|Any CPU.ActiveCfg = Debug|Any CPU
		{961660A0-AE64-4452-B840-2985094B2E53}.Debug|Any CPU.Build.0 = Debug|Any CPU
		{961660A0-AE64-4452-B840-2985094B2E53}.Release|Any CPU.ActiveCfg = Release|Any CPU
		{961660A0-AE64-4452-B840-2985094B2E53}.Release|Any CPU.Build.0 = Release|Any CPU
		{53771AB4-4B32-4756-BDE8-A1F22BF24D58}.Debug|Any CPU.ActiveCfg = Debug|Any CPU
		{53771AB4-4B32-4756-BDE8-A1F22BF24D58}.Debug|Any CPU.Build.0 = Debug|Any CPU
		{53771AB4-4B32-4756-BDE8-A1F22BF24D58}.Release|Any CPU.ActiveCfg = Release|Any CPU
		{53771AB4-4B32-4756-BDE8-A1F22BF24D58}.Release|Any CPU.Build.0 = Release|Any CPU
		{1EB0DFB6-448C-42F5-A230-04F65147526A}.Debug|Any CPU.ActiveCfg = Debug|Any CPU
		{1EB0DFB6-448C-42F5-A230-04F65147526A}.Debug|Any CPU.Build.0 = Debug|Any CPU
		{1EB0DFB6-448C-42F5-A230-04F65147526A}.Release|Any CPU.ActiveCfg = Release|Any CPU
		{1EB0DFB6-448C-42F5-A230-04F65147526A}.Release|Any CPU.Build.0 = Release|Any CPU
		{48711964-557B-47FF-8ED0-FE9C9B6070E6}.Debug|Any CPU.ActiveCfg = Debug|Any CPU
		{48711964-557B-47FF-8ED0-FE9C9B6070E6}.Debug|Any CPU.Build.0 = Debug|Any CPU
		{48711964-557B-47FF-8ED0-FE9C9B6070E6}.Release|Any CPU.ActiveCfg = Release|Any CPU
		{48711964-557B-47FF-8ED0-FE9C9B6070E6}.Release|Any CPU.Build.0 = Release|Any CPU
		{5BE69703-B22F-48CA-954E-43DE1F88D8DF}.Debug|Any CPU.ActiveCfg = Debug|Any CPU
		{5BE69703-B22F-48CA-954E-43DE1F88D8DF}.Debug|Any CPU.Build.0 = Debug|Any CPU
		{5BE69703-B22F-48CA-954E-43DE1F88D8DF}.Release|Any CPU.ActiveCfg = Release|Any CPU
		{5BE69703-B22F-48CA-954E-43DE1F88D8DF}.Release|Any CPU.Build.0 = Release|Any CPU
	EndGlobalSection
	GlobalSection(SolutionProperties) = preSolution
		HideSolutionNode = FALSE
	EndGlobalSection
	GlobalSection(ExtensibilityGlobals) = postSolution
		SolutionGuid = {E1C5FB50-41E5-4F09-899D-4AD419B78AF2}
	EndGlobalSection
EndGlobal
